
Microsoft Visual Studio Solution File, Format Version 12.00
# Visual Studio Version 17
VisualStudioVersion = 17.10.35027.167
MinimumVisualStudioVersion = 10.0.40219.1
Project("{FAE04EC0-301F-11D3-BF4B-00C04F79EFBC}") = "Tarea 4.3", "Tarea 4.3.csproj", "{4C41F385-35F0-43A8-A7CA-7C44985B24AF}"
EndProject
Global
	GlobalSection(SolutionConfigurationPlatforms) = preSolution
		Debug|Any CPU = Debug|Any CPU
		Release|Any CPU = Release|Any CPU
	EndGlobalSection
	GlobalSection(ProjectConfigurationPlatforms) = postSolution
		{4C41F385-35F0-43A8-A7CA-7C44985B24AF}.Debug|Any CPU.ActiveCfg = Debug|Any CPU
		{4C41F385-35F0-43A8-A7CA-7C44985B24AF}.Debug|Any CPU.Build.0 = Debug|Any CPU
		{4C41F385-35F0-43A8-A7CA-7C44985B24AF}.Release|Any CPU.ActiveCfg = Release|Any CPU
		{4C41F385-35F0-43A8-A7CA-7C44985B24AF}.Release|Any CPU.Build.0 = Release|Any CPU
	EndGlobalSection
	GlobalSection(SolutionProperties) = preSolution
		HideSolutionNode = FALSE
	EndGlobalSection
	GlobalSection(ExtensibilityGlobals) = postSolution
		SolutionGuid = {E1D44CFB-C03A-4F5C-A837-8A0264A646DB}
	EndGlobalSection
EndGlobal
